
Microsoft Visual Studio Solution File, Format Version 12.00
# Visual Studio Version 17
VisualStudioVersion = 17.0.31903.59
MinimumVisualStudioVersion = 10.0.40219.1
Project("{2150E333-8FDC-42A3-9474-1A3956D46DE8}") = "src", "src", "{827E0CD3-B72D-47B6-A68D-7590B98EB39B}"
EndProject
Project("{2150E333-8FDC-42A3-9474-1A3956D46DE8}") = "Consumer", "Consumer", "{D716C144-358A-1459-9A24-16A6086E1FFF}"
EndProject
Project("{2150E333-8FDC-42A3-9474-1A3956D46DE8}") = "Infrastructure", "Infrastructure", "{EC47D49A-8973-64FE-FA83-1601E26A9780}"
EndProject
Project("{FAE04EC0-301F-11D3-BF4B-00C04F79EFBC}") = "Jaroszek.CoderHouse.MessagingRabbitMqWithMassTransitPoC.Consumer.Infrastructure", "src\Consumer\Infrastructure\Jaroszek.CoderHouse.MessagingRabbitMqWithMassTransitPoC.Consumer.Infrastructure.csproj", "{2998AE50-F313-42D4-9367-B8EB42BBF0F1}"
EndProject
Project("{2150E333-8FDC-42A3-9474-1A3956D46DE8}") = "WebApi", "WebApi", "{B24DEF4D-8AD5-D175-0743-7A03E760696F}"
EndProject
Project("{FAE04EC0-301F-11D3-BF4B-00C04F79EFBC}") = "Jaroszek.CoderHouse.MessagingRabbitMqWithMassTransitPoC.Consumer.WebApi", "src\Consumer\WebApi\Jaroszek.CoderHouse.MessagingRabbitMqWithMassTransitPoC.Consumer.WebApi.csproj", "{58D8B2DE-5D9E-4DEA-BED1-F46EDCF79257}"
EndProject
Project("{2150E333-8FDC-42A3-9474-1A3956D46DE8}") = "Producer", "Producer", "{73DCDD16-E4B8-FD7E-A114-755DCCB976E3}"
EndProject
Project("{2150E333-8FDC-42A3-9474-1A3956D46DE8}") = "Infrastructure", "Infrastructure", "{C8A47D29-9425-4261-668C-5EF332344985}"
EndProject
Project("{FAE04EC0-301F-11D3-BF4B-00C04F79EFBC}") = "Jaroszek.CoderHouse.MessagingRabbitMqWithMassTransitPoC.Producer.Infrastructure", "src\Producer\Infrastructure\Jaroszek.CoderHouse.MessagingRabbitMqWithMassTransitPoC.Producer.Infrastructure.csproj", "{DD8DA33A-A526-4DBC-A684-256636C0FCCA}"
EndProject
Project("{2150E333-8FDC-42A3-9474-1A3956D46DE8}") = "WebApi", "WebApi", "{E347BE94-ECAD-B078-235F-F61DE70B35E4}"
EndProject
Project("{FAE04EC0-301F-11D3-BF4B-00C04F79EFBC}") = "Jaroszek.CoderHouse.MessagingRabbitMqWithMassTransitPoC.Producer.WebApi", "src\Producer\WebApi\Jaroszek.CoderHouse.MessagingRabbitMqWithMassTransitPoC.Producer.WebApi.csproj", "{F2C2D651-77F7-465A-93F5-8568439E1101}"
EndProject
Project("{2150E333-8FDC-42A3-9474-1A3956D46DE8}") = "Shared", "Shared", "{C8E42992-5E42-0C2B-DBFE-AA848D06431C}"
EndProject
Project("{2150E333-8FDC-42A3-9474-1A3956D46DE8}") = "Shared", "Shared", "{147D4B88-B486-32A2-129D-F619E9AC9754}"
EndProject
Project("{FAE04EC0-301F-11D3-BF4B-00C04F79EFBC}") = "Jaroszek.CoderHouse.Shared", "src\Shared\Shared\Jaroszek.CoderHouse.Shared.csproj", "{752F19FD-94AC-43BD-96A8-686E08D07BA0}"
EndProject
Global
	GlobalSection(SolutionConfigurationPlatforms) = preSolution
		Debug|Any CPU = Debug|Any CPU
		Debug|x64 = Debug|x64
		Debug|x86 = Debug|x86
		Release|Any CPU = Release|Any CPU
		Release|x64 = Release|x64
		Release|x86 = Release|x86
	EndGlobalSection
	GlobalSection(ProjectConfigurationPlatforms) = postSolution
		{2998AE50-F313-42D4-9367-B8EB42BBF0F1}.Debug|Any CPU.ActiveCfg = Debug|Any CPU
		{2998AE50-F313-42D4-9367-B8EB42BBF0F1}.Debug|Any CPU.Build.0 = Debug|Any CPU
		{2998AE50-F313-42D4-9367-B8EB42BBF0F1}.Debug|x64.ActiveCfg = Debug|Any CPU
		{2998AE50-F313-42D4-9367-B8EB42BBF0F1}.Debug|x64.Build.0 = Debug|Any CPU
		{2998AE50-F313-42D4-9367-B8EB42BBF0F1}.Debug|x86.ActiveCfg = Debug|Any CPU
		{2998AE50-F313-42D4-9367-B8EB42BBF0F1}.Debug|x86.Build.0 = Debug|Any CPU
		{2998AE50-F313-42D4-9367-B8EB42BBF0F1}.Release|Any CPU.ActiveCfg = Release|Any CPU
		{2998AE50-F313-42D4-9367-B8EB42BBF0F1}.Release|Any CPU.Build.0 = Release|Any CPU
		{2998AE50-F313-42D4-9367-B8EB42BBF0F1}.Release|x64.ActiveCfg = Release|Any CPU
		{2998AE50-F313-42D4-9367-B8EB42BBF0F1}.Release|x64.Build.0 = Release|Any CPU
		{2998AE50-F313-42D4-9367-B8EB42BBF0F1}.Release|x86.ActiveCfg = Release|Any CPU
		{2998AE50-F313-42D4-9367-B8EB42BBF0F1}.Release|x86.Build.0 = Release|Any CPU
		{58D8B2DE-5D9E-4DEA-BED1-F46EDCF79257}.Debug|Any CPU.ActiveCfg = Debug|Any CPU
		{58D8B2DE-5D9E-4DEA-BED1-F46EDCF79257}.Debug|Any CPU.Build.0 = Debug|Any CPU
		{58D8B2DE-5D9E-4DEA-BED1-F46EDCF79257}.Debug|x64.ActiveCfg = Debug|Any CPU
		{58D8B2DE-5D9E-4DEA-BED1-F46EDCF79257}.Debug|x64.Build.0 = Debug|Any CPU
		{58D8B2DE-5D9E-4DEA-BED1-F46EDCF79257}.Debug|x86.ActiveCfg = Debug|Any CPU
		{58D8B2DE-5D9E-4DEA-BED1-F46EDCF79257}.Debug|x86.Build.0 = Debug|Any CPU
		{58D8B2DE-5D9E-4DEA-BED1-F46EDCF79257}.Release|Any CPU.ActiveCfg = Release|Any CPU
		{58D8B2DE-5D9E-4DEA-BED1-F46EDCF79257}.Release|Any CPU.Build.0 = Release|Any CPU
		{58D8B2DE-5D9E-4DEA-BED1-F46EDCF79257}.Release|x64.ActiveCfg = Release|Any CPU
		{58D8B2DE-5D9E-4DEA-BED1-F46EDCF79257}.Release|x64.Build.0 = Release|Any CPU
		{58D8B2DE-5D9E-4DEA-BED1-F46EDCF79257}.Release|x86.ActiveCfg = Release|Any CPU
		{58D8B2DE-5D9E-4DEA-BED1-F46EDCF79257}.Release|x86.Build.0 = Release|Any CPU
		{DD8DA33A-A526-4DBC-A684-256636C0FCCA}.Debug|Any CPU.ActiveCfg = Debug|Any CPU
		{DD8DA33A-A526-4DBC-A684-256636C0FCCA}.Debug|Any CPU.Build.0 = Debug|Any CPU
		{DD8DA33A-A526-4DBC-A684-256636C0FCCA}.Debug|x64.ActiveCfg = Debug|Any CPU
		{DD8DA33A-A526-4DBC-A684-256636C0FCCA}.Debug|x64.Build.0 = Debug|Any CPU
		{DD8DA33A-A526-4DBC-A684-256636C0FCCA}.Debug|x86.ActiveCfg = Debug|Any CPU
		{DD8DA33A-A526-4DBC-A684-256636C0FCCA}.Debug|x86.Build.0 = Debug|Any CPU
		{DD8DA33A-A526-4DBC-A684-256636C0FCCA}.Release|Any CPU.ActiveCfg = Release|Any CPU
		{DD8DA33A-A526-4DBC-A684-256636C0FCCA}.Release|Any CPU.Build.0 = Release|Any CPU
		{DD8DA33A-A526-4DBC-A684-256636C0FCCA}.Release|x64.ActiveCfg = Release|Any CPU
		{DD8DA33A-A526-4DBC-A684-256636C0FCCA}.Release|x64.Build.0 = Release|Any CPU
		{DD8DA33A-A526-4DBC-A684-256636C0FCCA}.Release|x86.ActiveCfg = Release|Any CPU
		{DD8DA33A-A526-4DBC-A684-256636C0FCCA}.Release|x86.Build.0 = Release|Any CPU
		{F2C2D651-77F7-465A-93F5-8568439E1101}.Debug|Any CPU.ActiveCfg = Debug|Any CPU
		{F2C2D651-77F7-465A-93F5-8568439E1101}.Debug|Any CPU.Build.0 = Debug|Any CPU
		{F2C2D651-77F7-465A-93F5-8568439E1101}.Debug|x64.ActiveCfg = Debug|Any CPU
		{F2C2D651-77F7-465A-93F5-8568439E1101}.Debug|x64.Build.0 = Debug|Any CPU
		{F2C2D651-77F7-465A-93F5-8568439E1101}.Debug|x86.ActiveCfg = Debug|Any CPU
		{F2C2D651-77F7-465A-93F5-8568439E1101}.Debug|x86.Build.0 = Debug|Any CPU
		{F2C2D651-77F7-465A-93F5-8568439E1101}.Release|Any CPU.ActiveCfg = Release|Any CPU
		{F2C2D651-77F7-465A-93F5-8568439E1101}.Release|Any CPU.Build.0 = Release|Any CPU
		{F2C2D651-77F7-465A-93F5-8568439E1101}.Release|x64.ActiveCfg = Release|Any CPU
		{F2C2D651-77F7-465A-93F5-8568439E1101}.Release|x64.Build.0 = Release|Any CPU
		{F2C2D651-77F7-465A-93F5-8568439E1101}.Release|x86.ActiveCfg = Release|Any CPU
		{F2C2D651-77F7-465A-93F5-8568439E1101}.Release|x86.Build.0 = Release|Any CPU
		{752F19FD-94AC-43BD-96A8-686E08D07BA0}.Debug|Any CPU.ActiveCfg = Debug|Any CPU
		{752F19FD-94AC-43BD-96A8-686E08D07BA0}.Debug|Any CPU.Build.0 = Debug|Any CPU
		{752F19FD-94AC-43BD-96A8-686E08D07BA0}.Debug|x64.ActiveCfg = Debug|Any CPU
		{752F19FD-94AC-43BD-96A8-686E08D07BA0}.Debug|x64.Build.0 = Debug|Any CPU
		{752F19FD-94AC-43BD-96A8-686E08D07BA0}.Debug|x86.ActiveCfg = Debug|Any CPU
		{752F19FD-94AC-43BD-96A8-686E08D07BA0}.Debug|x86.Build.0 = Debug|Any CPU
		{752F19FD-94AC-43BD-96A8-686E08D07BA0}.Release|Any CPU.ActiveCfg = Release|Any CPU
		{752F19FD-94AC-43BD-96A8-686E08D07BA0}.Release|Any CPU.Build.0 = Release|Any CPU
		{752F19FD-94AC-43BD-96A8-686E08D07BA0}.Release|x64.ActiveCfg = Release|Any CPU
		{752F19FD-94AC-43BD-96A8-686E08D07BA0}.Release|x64.Build.0 = Release|Any CPU
		{752F19FD-94AC-43BD-96A8-686E08D07BA0}.Release|x86.ActiveCfg = Release|Any CPU
		{752F19FD-94AC-43BD-96A8-686E08D07BA0}.Release|x86.Build.0 = Release|Any CPU
	EndGlobalSection
	GlobalSection(SolutionProperties) = preSolution
		HideSolutionNode = FALSE
	EndGlobalSection
	GlobalSection(NestedProjects) = preSolution
		{D716C144-358A-1459-9A24-16A6086E1FFF} = {827E0CD3-B72D-47B6-A68D-7590B98EB39B}
		{EC47D49A-8973-64FE-FA83-1601E26A9780} = {D716C144-358A-1459-9A24-16A6086E1FFF}
		{2998AE50-F313-42D4-9367-B8EB42BBF0F1} = {EC47D49A-8973-64FE-FA83-1601E26A9780}
		{B24DEF4D-8AD5-D175-0743-7A03E760696F} = {D716C144-358A-1459-9A24-16A6086E1FFF}
		{58D8B2DE-5D9E-4DEA-BED1-F46EDCF79257} = {B24DEF4D-8AD5-D175-0743-7A03E760696F}
		{73DCDD16-E4B8-FD7E-A114-755DCCB976E3} = {827E0CD3-B72D-47B6-A68D-7590B98EB39B}
		{C8A47D29-9425-4261-668C-5EF332344985} = {73DCDD16-E4B8-FD7E-A114-755DCCB976E3}
		{DD8DA33A-A526-4DBC-A684-256636C0FCCA} = {C8A47D29-9425-4261-668C-5EF332344985}
		{E347BE94-ECAD-B078-235F-F61DE70B35E4} = {73DCDD16-E4B8-FD7E-A114-755DCCB976E3}
		{F2C2D651-77F7-465A-93F5-8568439E1101} = {E347BE94-ECAD-B078-235F-F61DE70B35E4}
		{C8E42992-5E42-0C2B-DBFE-AA848D06431C} = {827E0CD3-B72D-47B6-A68D-7590B98EB39B}
		{147D4B88-B486-32A2-129D-F619E9AC9754} = {C8E42992-5E42-0C2B-DBFE-AA848D06431C}
		{752F19FD-94AC-43BD-96A8-686E08D07BA0} = {147D4B88-B486-32A2-129D-F619E9AC9754}
	EndGlobalSection
EndGlobal
